
Microsoft Visual Studio Solution File, Format Version 12.00
# Visual Studio 15
VisualStudioVersion = 15.0.28307.902
MinimumVisualStudioVersion = 10.0.40219.1
Project("{FAE04EC0-301F-11D3-BF4B-00C04F79EFBC}") = "OnlineBloodBank", "OnlineBloodBank\OnlineBloodBank.csproj", "{51FEB306-1D12-4648-9BFE-81A721805D49}"
EndProject
Global
	GlobalSection(SolutionConfigurationPlatforms) = preSolution
		Debug|Any CPU = Debug|Any CPU
		Release|Any CPU = Release|Any CPU
	EndGlobalSection
	GlobalSection(ProjectConfigurationPlatforms) = postSolution
		{51FEB306-1D12-4648-9BFE-81A721805D49}.Debug|Any CPU.ActiveCfg = Debug|Any CPU
		{51FEB306-1D12-4648-9BFE-81A721805D49}.Debug|Any CPU.Build.0 = Debug|Any CPU
		{51FEB306-1D12-4648-9BFE-81A721805D49}.Release|Any CPU.ActiveCfg = Release|Any CPU
		{51FEB306-1D12-4648-9BFE-81A721805D49}.Release|Any CPU.Build.0 = Release|Any CPU
	EndGlobalSection
	GlobalSection(SolutionProperties) = preSolution
		HideSolutionNode = FALSE
	EndGlobalSection
	GlobalSection(ExtensibilityGlobals) = postSolution
		SolutionGuid = {BE926E64-8B9E-4D5B-9DA1-DC7B809B5BCC}
	EndGlobalSection
EndGlobal
