
Microsoft Visual Studio Solution File, Format Version 12.00
# Visual Studio 15
VisualStudioVersion = 15.0.28307.902
MinimumVisualStudioVersion = 10.0.40219.1
Project("{FAE04EC0-301F-11D3-BF4B-00C04F79EFBC}") = "admin", "admin\admin.csproj", "{B01AB88F-47D6-42B9-8102-0B210B15B390}"
EndProject
Global
	GlobalSection(SolutionConfigurationPlatforms) = preSolution
		Debug|Any CPU = Debug|Any CPU
		Release|Any CPU = Release|Any CPU
	EndGlobalSection
	GlobalSection(ProjectConfigurationPlatforms) = postSolution
		{B01AB88F-47D6-42B9-8102-0B210B15B390}.Debug|Any CPU.ActiveCfg = Debug|Any CPU
		{B01AB88F-47D6-42B9-8102-0B210B15B390}.Debug|Any CPU.Build.0 = Debug|Any CPU
		{B01AB88F-47D6-42B9-8102-0B210B15B390}.Release|Any CPU.ActiveCfg = Release|Any CPU
		{B01AB88F-47D6-42B9-8102-0B210B15B390}.Release|Any CPU.Build.0 = Release|Any CPU
	EndGlobalSection
	GlobalSection(SolutionProperties) = preSolution
		HideSolutionNode = FALSE
	EndGlobalSection
	GlobalSection(ExtensibilityGlobals) = postSolution
		SolutionGuid = {A2DD0F88-51AD-43C4-9CB8-567A74D5BA03}
	EndGlobalSection
EndGlobal
